
Microsoft Visual Studio Solution File, Format Version 12.00
# Visual Studio 15
VisualStudioVersion = 15.0.26124.0
MinimumVisualStudioVersion = 15.0.26124.0
Project("{FAE04EC0-301F-11D3-BF4B-00C04F79EFBC}") = "Tour.DataContext", "Tour.DataContext\Tour.DataContext.csproj", "{86B9043B-666E-418B-A91C-BED9D4861BD3}"
EndProject
Project("{FAE04EC0-301F-11D3-BF4B-00C04F79EFBC}") = "Tour.ObjectModel", "Tour.ObjectModel\Tour.ObjectModel.csproj", "{8B29E473-7F12-4BC3-A8C1-406DFCD44B3B}"
EndProject
Project("{FAE04EC0-301F-11D3-BF4B-00C04F79EFBC}") = "Tour.WebApi", "Tour.WebApi\Tour.WebApi.csproj", "{27321AA8-37F1-4625-A704-A2A5C7C476E0}"
EndProject
Global
	GlobalSection(SolutionConfigurationPlatforms) = preSolution
		Debug|Any CPU = Debug|Any CPU
		Debug|x64 = Debug|x64
		Debug|x86 = Debug|x86
		Release|Any CPU = Release|Any CPU
		Release|x64 = Release|x64
		Release|x86 = Release|x86
	EndGlobalSection
	GlobalSection(SolutionProperties) = preSolution
		HideSolutionNode = FALSE
	EndGlobalSection
	GlobalSection(ProjectConfigurationPlatforms) = postSolution
		{86B9043B-666E-418B-A91C-BED9D4861BD3}.Debug|Any CPU.ActiveCfg = Debug|Any CPU
		{86B9043B-666E-418B-A91C-BED9D4861BD3}.Debug|Any CPU.Build.0 = Debug|Any CPU
		{86B9043B-666E-418B-A91C-BED9D4861BD3}.Debug|x64.ActiveCfg = Debug|Any CPU
		{86B9043B-666E-418B-A91C-BED9D4861BD3}.Debug|x64.Build.0 = Debug|Any CPU
		{86B9043B-666E-418B-A91C-BED9D4861BD3}.Debug|x86.ActiveCfg = Debug|Any CPU
		{86B9043B-666E-418B-A91C-BED9D4861BD3}.Debug|x86.Build.0 = Debug|Any CPU
		{86B9043B-666E-418B-A91C-BED9D4861BD3}.Release|Any CPU.ActiveCfg = Release|Any CPU
		{86B9043B-666E-418B-A91C-BED9D4861BD3}.Release|Any CPU.Build.0 = Release|Any CPU
		{86B9043B-666E-418B-A91C-BED9D4861BD3}.Release|x64.ActiveCfg = Release|Any CPU
		{86B9043B-666E-418B-A91C-BED9D4861BD3}.Release|x64.Build.0 = Release|Any CPU
		{86B9043B-666E-418B-A91C-BED9D4861BD3}.Release|x86.ActiveCfg = Release|Any CPU
		{86B9043B-666E-418B-A91C-BED9D4861BD3}.Release|x86.Build.0 = Release|Any CPU
		{8B29E473-7F12-4BC3-A8C1-406DFCD44B3B}.Debug|Any CPU.ActiveCfg = Debug|Any CPU
		{8B29E473-7F12-4BC3-A8C1-406DFCD44B3B}.Debug|Any CPU.Build.0 = Debug|Any CPU
		{8B29E473-7F12-4BC3-A8C1-406DFCD44B3B}.Debug|x64.ActiveCfg = Debug|Any CPU
		{8B29E473-7F12-4BC3-A8C1-406DFCD44B3B}.Debug|x64.Build.0 = Debug|Any CPU
		{8B29E473-7F12-4BC3-A8C1-406DFCD44B3B}.Debug|x86.ActiveCfg = Debug|Any CPU
		{8B29E473-7F12-4BC3-A8C1-406DFCD44B3B}.Debug|x86.Build.0 = Debug|Any CPU
		{8B29E473-7F12-4BC3-A8C1-406DFCD44B3B}.Release|Any CPU.ActiveCfg = Release|Any CPU
		{8B29E473-7F12-4BC3-A8C1-406DFCD44B3B}.Release|Any CPU.Build.0 = Release|Any CPU
		{8B29E473-7F12-4BC3-A8C1-406DFCD44B3B}.Release|x64.ActiveCfg = Release|Any CPU
		{8B29E473-7F12-4BC3-A8C1-406DFCD44B3B}.Release|x64.Build.0 = Release|Any CPU
		{8B29E473-7F12-4BC3-A8C1-406DFCD44B3B}.Release|x86.ActiveCfg = Release|Any CPU
		{8B29E473-7F12-4BC3-A8C1-406DFCD44B3B}.Release|x86.Build.0 = Release|Any CPU
		{27321AA8-37F1-4625-A704-A2A5C7C476E0}.Debug|Any CPU.ActiveCfg = Debug|Any CPU
		{27321AA8-37F1-4625-A704-A2A5C7C476E0}.Debug|Any CPU.Build.0 = Debug|Any CPU
		{27321AA8-37F1-4625-A704-A2A5C7C476E0}.Debug|x64.ActiveCfg = Debug|Any CPU
		{27321AA8-37F1-4625-A704-A2A5C7C476E0}.Debug|x64.Build.0 = Debug|Any CPU
		{27321AA8-37F1-4625-A704-A2A5C7C476E0}.Debug|x86.ActiveCfg = Debug|Any CPU
		{27321AA8-37F1-4625-A704-A2A5C7C476E0}.Debug|x86.Build.0 = Debug|Any CPU
		{27321AA8-37F1-4625-A704-A2A5C7C476E0}.Release|Any CPU.ActiveCfg = Release|Any CPU
		{27321AA8-37F1-4625-A704-A2A5C7C476E0}.Release|Any CPU.Build.0 = Release|Any CPU
		{27321AA8-37F1-4625-A704-A2A5C7C476E0}.Release|x64.ActiveCfg = Release|Any CPU
		{27321AA8-37F1-4625-A704-A2A5C7C476E0}.Release|x64.Build.0 = Release|Any CPU
		{27321AA8-37F1-4625-A704-A2A5C7C476E0}.Release|x86.ActiveCfg = Release|Any CPU
		{27321AA8-37F1-4625-A704-A2A5C7C476E0}.Release|x86.Build.0 = Release|Any CPU
	EndGlobalSection
EndGlobal
